
Microsoft Visual Studio Solution File, Format Version 12.00
# Visual Studio 14
VisualStudioVersion = 14.0.25420.1
MinimumVisualStudioVersion = 10.0.40219.1
Project("{FAE04EC0-301F-11D3-BF4B-00C04F79EFBC}") = "BilibiliVideoFetcher", "BilibiliVideoFetcher\BilibiliVideoFetcher.csproj", "{B1AA363F-BBDD-4E60-AC8A-19F8FEA209CF}"
EndProject
Project("{FAE04EC0-301F-11D3-BF4B-00C04F79EFBC}") = "UnitTestFetcher", "UnitTestFetcher\UnitTestFetcher.csproj", "{E1881D76-FAC1-4F3B-A2DF-75C9DF755E08}"
EndProject
Project("{FAE04EC0-301F-11D3-BF4B-00C04F79EFBC}") = "Aria2Controller", "Aria2Controller\Aria2Controller.csproj", "{14E3E49C-8AFB-40A3-BCDA-A5DEB3E4772E}"
EndProject
Global
	GlobalSection(SolutionConfigurationPlatforms) = preSolution
		Debug|Any CPU = Debug|Any CPU
		Release|Any CPU = Release|Any CPU
	EndGlobalSection
	GlobalSection(ProjectConfigurationPlatforms) = postSolution
		{B1AA363F-BBDD-4E60-AC8A-19F8FEA209CF}.Debug|Any CPU.ActiveCfg = Debug|Any CPU
		{B1AA363F-BBDD-4E60-AC8A-19F8FEA209CF}.Debug|Any CPU.Build.0 = Debug|Any CPU
		{B1AA363F-BBDD-4E60-AC8A-19F8FEA209CF}.Release|Any CPU.ActiveCfg = Release|Any CPU
		{B1AA363F-BBDD-4E60-AC8A-19F8FEA209CF}.Release|Any CPU.Build.0 = Release|Any CPU
		{E1881D76-FAC1-4F3B-A2DF-75C9DF755E08}.Debug|Any CPU.ActiveCfg = Debug|Any CPU
		{E1881D76-FAC1-4F3B-A2DF-75C9DF755E08}.Debug|Any CPU.Build.0 = Debug|Any CPU
		{E1881D76-FAC1-4F3B-A2DF-75C9DF755E08}.Release|Any CPU.ActiveCfg = Release|Any CPU
		{E1881D76-FAC1-4F3B-A2DF-75C9DF755E08}.Release|Any CPU.Build.0 = Release|Any CPU
		{14E3E49C-8AFB-40A3-BCDA-A5DEB3E4772E}.Debug|Any CPU.ActiveCfg = Debug|Any CPU
		{14E3E49C-8AFB-40A3-BCDA-A5DEB3E4772E}.Debug|Any CPU.Build.0 = Debug|Any CPU
		{14E3E49C-8AFB-40A3-BCDA-A5DEB3E4772E}.Release|Any CPU.ActiveCfg = Release|Any CPU
		{14E3E49C-8AFB-40A3-BCDA-A5DEB3E4772E}.Release|Any CPU.Build.0 = Release|Any CPU
	EndGlobalSection
	GlobalSection(SolutionProperties) = preSolution
		HideSolutionNode = FALSE
	EndGlobalSection
EndGlobal
